
Microsoft Visual Studio Solution File, Format Version 12.00
# Visual Studio Version 16
VisualStudioVersion = 16.0.29306.81
MinimumVisualStudioVersion = 10.0.40219.1
Project("{9A19103F-16F7-4668-BE54-9A1E7A4F7556}") = "Kraken.Expressions", "Source\Kraken.Expressions\Kraken.Expressions.csproj", "{581B7E12-D065-410C-8D5A-9CE5AB6B6C6E}"
EndProject
Project("{9A19103F-16F7-4668-BE54-9A1E7A4F7556}") = "Kraken.Expressions.Tests", "Source\Kraken.Expressions.Tests\Kraken.Expressions.Tests.csproj", "{EFFE5A34-AF21-40EB-B054-A1208262B7C8}"
EndProject
Project("{2150E333-8FDC-42A3-9474-1A3956D46DE8}") = "Shared", "Shared", "{B8606C16-7615-4E89-8A37-1A8A0D9C8C0C}"
	ProjectSection(SolutionItems) = preProject
		Shared\Environment.targets = Shared\Environment.targets
		Shared\ProjectSettings.targets = Shared\ProjectSettings.targets
	EndProjectSection
EndProject
Global
	GlobalSection(SolutionConfigurationPlatforms) = preSolution
		Debug|Any CPU = Debug|Any CPU
		Release|Any CPU = Release|Any CPU
	EndGlobalSection
	GlobalSection(ProjectConfigurationPlatforms) = postSolution
		{581B7E12-D065-410C-8D5A-9CE5AB6B6C6E}.Debug|Any CPU.ActiveCfg = Debug|Any CPU
		{581B7E12-D065-410C-8D5A-9CE5AB6B6C6E}.Debug|Any CPU.Build.0 = Debug|Any CPU
		{581B7E12-D065-410C-8D5A-9CE5AB6B6C6E}.Release|Any CPU.ActiveCfg = Release|Any CPU
		{581B7E12-D065-410C-8D5A-9CE5AB6B6C6E}.Release|Any CPU.Build.0 = Release|Any CPU
		{EFFE5A34-AF21-40EB-B054-A1208262B7C8}.Debug|Any CPU.ActiveCfg = Debug|Any CPU
		{EFFE5A34-AF21-40EB-B054-A1208262B7C8}.Debug|Any CPU.Build.0 = Debug|Any CPU
		{EFFE5A34-AF21-40EB-B054-A1208262B7C8}.Release|Any CPU.ActiveCfg = Release|Any CPU
		{EFFE5A34-AF21-40EB-B054-A1208262B7C8}.Release|Any CPU.Build.0 = Release|Any CPU
	EndGlobalSection
	GlobalSection(SolutionProperties) = preSolution
		HideSolutionNode = FALSE
	EndGlobalSection
	GlobalSection(ExtensibilityGlobals) = postSolution
		SolutionGuid = {BB10EDB4-464C-48ED-9F91-C17F672AEDB1}
	EndGlobalSection
EndGlobal
